
Microsoft Visual Studio Solution File, Format Version 12.00
# Visual Studio Version 17
VisualStudioVersion = 17.3.32901.215
MinimumVisualStudioVersion = 10.0.40219.1
Project("{FAE04EC0-301F-11D3-BF4B-00C04F79EFBC}") = "Labb 2 - Arv", "Labb 2 - Arv.csproj", "{BDF8E04E-F155-4118-A0EA-BBE5B293ABBC}"
EndProject
Global
	GlobalSection(SolutionConfigurationPlatforms) = preSolution
		Debug|Any CPU = Debug|Any CPU
		Release|Any CPU = Release|Any CPU
	EndGlobalSection
	GlobalSection(ProjectConfigurationPlatforms) = postSolution
		{BDF8E04E-F155-4118-A0EA-BBE5B293ABBC}.Debug|Any CPU.ActiveCfg = Debug|Any CPU
		{BDF8E04E-F155-4118-A0EA-BBE5B293ABBC}.Debug|Any CPU.Build.0 = Debug|Any CPU
		{BDF8E04E-F155-4118-A0EA-BBE5B293ABBC}.Release|Any CPU.ActiveCfg = Release|Any CPU
		{BDF8E04E-F155-4118-A0EA-BBE5B293ABBC}.Release|Any CPU.Build.0 = Release|Any CPU
	EndGlobalSection
	GlobalSection(SolutionProperties) = preSolution
		HideSolutionNode = FALSE
	EndGlobalSection
	GlobalSection(ExtensibilityGlobals) = postSolution
		SolutionGuid = {7512029F-AF16-43FF-B82F-06BF5F0852A9}
	EndGlobalSection
EndGlobal
